
Microsoft Visual Studio Solution File, Format Version 12.00
# Visual Studio Version 17
VisualStudioVersion = 17.10.34928.147
MinimumVisualStudioVersion = 10.0.40219.1
Project("{FAE04EC0-301F-11D3-BF4B-00C04F79EFBC}") = "Stub", "Stub\Stub.csproj", "{88DB6FBD-03C1-41A3-BF52-F48007C0A49A}"
EndProject
Project("{FAE04EC0-301F-11D3-BF4B-00C04F79EFBC}") = "Stub.Tests", "Stub.Tests\Stub.Tests.csproj", "{747D5F3B-373E-4501-90C3-5317192C298E}"
EndProject
Global
	GlobalSection(SolutionConfigurationPlatforms) = preSolution
		Debug|Any CPU = Debug|Any CPU
		Release|Any CPU = Release|Any CPU
	EndGlobalSection
	GlobalSection(ProjectConfigurationPlatforms) = postSolution
		{88DB6FBD-03C1-41A3-BF52-F48007C0A49A}.Debug|Any CPU.ActiveCfg = Debug|Any CPU
		{88DB6FBD-03C1-41A3-BF52-F48007C0A49A}.Debug|Any CPU.Build.0 = Debug|Any CPU
		{88DB6FBD-03C1-41A3-BF52-F48007C0A49A}.Release|Any CPU.ActiveCfg = Release|Any CPU
		{88DB6FBD-03C1-41A3-BF52-F48007C0A49A}.Release|Any CPU.Build.0 = Release|Any CPU
		{747D5F3B-373E-4501-90C3-5317192C298E}.Debug|Any CPU.ActiveCfg = Debug|Any CPU
		{747D5F3B-373E-4501-90C3-5317192C298E}.Debug|Any CPU.Build.0 = Debug|Any CPU
		{747D5F3B-373E-4501-90C3-5317192C298E}.Release|Any CPU.ActiveCfg = Release|Any CPU
		{747D5F3B-373E-4501-90C3-5317192C298E}.Release|Any CPU.Build.0 = Release|Any CPU
	EndGlobalSection
	GlobalSection(SolutionProperties) = preSolution
		HideSolutionNode = FALSE
	EndGlobalSection
	GlobalSection(ExtensibilityGlobals) = postSolution
		SolutionGuid = {938B594C-C022-48CC-8E9D-A3B3E6533BE9}
	EndGlobalSection
EndGlobal
